// !$*UTF8*$!
{
	archiveVersion = 1;
	classes = {
	};
	objectVersion = 77;
	objects = {

/* Begin PBXBuildFile section */
		3FD9A4632DFF330100297D34 /* Metal.framework in Frameworks */ = {isa = PBXBuildFile; fileRef = 3FD9A4622DFF330100297D34 /* Metal.framework */; };
		3FD9A4652DFF330900297D34 /* Foundation.framework in Frameworks */ = {isa = PBXBuildFile; fileRef = 3FD9A4642DFF330900297D34 /* Foundation.framework */; };
		3FD9A6DE2E001BE900297D34 /* NSNumber.hpp in Headers */ = {isa = PBXBuildFile; fileRef = 3FD9A6822E001BE900297D34 /* NSNumber.hpp */; };
		3FD9A6DF2E001BE900297D34 /* MTLCommandBuffer.hpp in Headers */ = {isa = PBXBuildFile; fileRef = 3FD9A69B2E001BE900297D34 /* MTLCommandBuffer.hpp */; };
		3FD9A6E02E001BE900297D34 /* CADefines.hpp in Headers */ = {isa = PBXBuildFile; fileRef = 3FD9A6D32E001BE900297D34 /* CADefines.hpp */; };
		3FD9A6E12E001BE900297D34 /* MTLFunctionConstantValues.hpp in Headers */ = {isa = PBXBuildFile; fileRef = 3FD9A6A92E001BE900297D34 /* MTLFunctionConstantValues.hpp */; };
		3FD9A6E22E001BE900297D34 /* MTLIntersectionFunctionTable.hpp in Headers */ = {isa = PBXBuildFile; fileRef = 3FD9A6B22E001BE900297D34 /* MTLIntersectionFunctionTable.hpp */; };
		3FD9A6E32E001BE900297D34 /* NSString.hpp in Headers */ = {isa = PBXBuildFile; fileRef = 3FD9A68A2E001BE900297D34 /* NSString.hpp */; };
		3FD9A6E42E001BE900297D34 /* MTLIOCommandBuffer.hpp in Headers */ = {isa = PBXBuildFile; fileRef = 3FD9A6B32E001BE900297D34 /* MTLIOCommandBuffer.hpp */; };
		3FD9A6E52E001BE900297D34 /* MTLRenderPass.hpp in Headers */ = {isa = PBXBuildFile; fileRef = 3FD9A6BF2E001BE900297D34 /* MTLRenderPass.hpp */; };
		3FD9A6E62E001BE900297D34 /* MTLFunctionHandle.hpp in Headers */ = {isa = PBXBuildFile; fileRef = 3FD9A6AB2E001BE900297D34 /* MTLFunctionHandle.hpp */; };
		3FD9A6E72E001BE900297D34 /* MTLAccelerationStructureTypes.hpp in Headers */ = {isa = PBXBuildFile; fileRef = 3FD9A6912E001BE900297D34 /* MTLAccelerationStructureTypes.hpp */; };
		3FD9A6E82E001BE900297D34 /* MTLAccelerationStructure.hpp in Headers */ = {isa = PBXBuildFile; fileRef = 3FD9A68F2E001BE900297D34 /* MTLAccelerationStructure.hpp */; };
		3FD9A6E92E001BE900297D34 /* MTLBuffer.hpp in Headers */ = {isa = PBXBuildFile; fileRef = 3FD9A6982E001BE900297D34 /* MTLBuffer.hpp */; };
		3FD9A6EA2E001BE900297D34 /* MTLIOCommandQueue.hpp in Headers */ = {isa = PBXBuildFile; fileRef = 3FD9A6B42E001BE900297D34 /* MTLIOCommandQueue.hpp */; };
		3FD9A6EB2E001BE900297D34 /* MTLCaptureScope.hpp in Headers */ = {isa = PBXBuildFile; fileRef = 3FD9A69A2E001BE900297D34 /* MTLCaptureScope.hpp */; };
		3FD9A6EC2E001BE900297D34 /* MTLIOCompressor.hpp in Headers */ = {isa = PBXBuildFile; fileRef = 3FD9A6B52E001BE900297D34 /* MTLIOCompressor.hpp */; };
		3FD9A6ED2E001BE900297D34 /* MTLPipeline.hpp in Headers */ = {isa = PBXBuildFile; fileRef = 3FD9A6BA2E001BE900297D34 /* MTLPipeline.hpp */; };
		3FD9A6EE2E001BE900297D34 /* MTLFence.hpp in Headers */ = {isa = PBXBuildFile; fileRef = 3FD9A6A82E001BE900297D34 /* MTLFence.hpp */; };
		3FD9A6EF2E001BE900297D34 /* MTLDefines.hpp in Headers */ = {isa = PBXBuildFile; fileRef = 3FD9A6A22E001BE900297D34 /* MTLDefines.hpp */; };
		3FD9A6F02E001BE900297D34 /* QuartzCore.hpp in Headers */ = {isa = PBXBuildFile; fileRef = 3FD9A6D72E001BE900297D34 /* QuartzCore.hpp */; };
		3FD9A6F12E001BE900297D34 /* MTLFXTemporalScaler.hpp in Headers */ = {isa = PBXBuildFile; fileRef = 3FD9A6D12E001BE900297D34 /* MTLFXTemporalScaler.hpp */; };
		3FD9A6F22E001BE900297D34 /* NSAutoreleasePool.hpp in Headers */ = {isa = PBXBuildFile; fileRef = 3FD9A6782E001BE900297D34 /* NSAutoreleasePool.hpp */; };
		3FD9A6F32E001BE900297D34 /* Foundation.hpp in Headers */ = {isa = PBXBuildFile; fileRef = 3FD9A6762E001BE900297D34 /* Foundation.hpp */; };
		3FD9A6F42E001BE900297D34 /* MTLFXPrivate.hpp in Headers */ = {isa = PBXBuildFile; fileRef = 3FD9A6CF2E001BE900297D34 /* MTLFXPrivate.hpp */; };
		3FD9A6F52E001BE900297D34 /* MTLBinaryArchive.hpp in Headers */ = {isa = PBXBuildFile; fileRef = 3FD9A6952E001BE900297D34 /* MTLBinaryArchive.hpp */; };
		3FD9A6F62E001BE900297D34 /* NSPrivate.hpp in Headers */ = {isa = PBXBuildFile; fileRef = 3FD9A6852E001BE900297D34 /* NSPrivate.hpp */; };
		3FD9A6F72E001BE900297D34 /* NSRange.hpp in Headers */ = {isa = PBXBuildFile; fileRef = 3FD9A6872E001BE900297D34 /* NSRange.hpp */; };
		3FD9A6F82E001BE900297D34 /* NSProcessInfo.hpp in Headers */ = {isa = PBXBuildFile; fileRef = 3FD9A6862E001BE900297D34 /* NSProcessInfo.hpp */; };
		3FD9A6F92E001BE900297D34 /* NSNotification.hpp in Headers */ = {isa = PBXBuildFile; fileRef = 3FD9A6812E001BE900297D34 /* NSNotification.hpp */; };
		3FD9A6FA2E001BE900297D34 /* CAMetalDrawable.hpp in Headers */ = {isa = PBXBuildFile; fileRef = 3FD9A6D42E001BE900297D34 /* CAMetalDrawable.hpp */; };
		3FD9A6FB2E001BE900297D34 /* MTLBlitPass.hpp in Headers */ = {isa = PBXBuildFile; fileRef = 3FD9A6972E001BE900297D34 /* MTLBlitPass.hpp */; };
		3FD9A6FC2E001BE900297D34 /* Metal.hpp in Headers */ = {isa = PBXBuildFile; fileRef = 3FD9A68E2E001BE900297D34 /* Metal.hpp */; };
		3FD9A6FD2E001BE900297D34 /* MTLFunctionDescriptor.hpp in Headers */ = {isa = PBXBuildFile; fileRef = 3FD9A6AA2E001BE900297D34 /* MTLFunctionDescriptor.hpp */; };
		3FD9A6FE2E001BE900297D34 /* MTLTexture.hpp in Headers */ = {isa = PBXBuildFile; fileRef = 3FD9A6C72E001BE900297D34 /* MTLTexture.hpp */; };
		3FD9A6FF2E001BE900297D34 /* MTLLogState.hpp in Headers */ = {isa = PBXBuildFile; fileRef = 3FD9A6B82E001BE900297D34 /* MTLLogState.hpp */; };
		3FD9A7002E001BE900297D34 /* MTLComputeCommandEncoder.hpp in Headers */ = {isa = PBXBuildFile; fileRef = 3FD9A69E2E001BE900297D34 /* MTLComputeCommandEncoder.hpp */; };
		3FD9A7012E001BE900297D34 /* MTLHeaderBridge.hpp in Headers */ = {isa = PBXBuildFile; fileRef = 3FD9A6AE2E001BE900297D34 /* MTLHeaderBridge.hpp */; };
		3FD9A7022E001BE900297D34 /* MTLCaptureManager.hpp in Headers */ = {isa = PBXBuildFile; fileRef = 3FD9A6992E001BE900297D34 /* MTLCaptureManager.hpp */; };
		3FD9A7032E001BE900297D34 /* NSArray.hpp in Headers */ = {isa = PBXBuildFile; fileRef = 3FD9A6772E001BE900297D34 /* NSArray.hpp */; };
		3FD9A7042E001BE900297D34 /* NSDefines.hpp in Headers */ = {isa = PBXBuildFile; fileRef = 3FD9A67C2E001BE900297D34 /* NSDefines.hpp */; };
		3FD9A7052E001BE900297D34 /* MTLResource.hpp in Headers */ = {isa = PBXBuildFile; fileRef = 3FD9A6C22E001BE900297D34 /* MTLResource.hpp */; };
		3FD9A7062E001BE900297D34 /* MTLDepthStencil.hpp in Headers */ = {isa = PBXBuildFile; fileRef = 3FD9A6A32E001BE900297D34 /* MTLDepthStencil.hpp */; };
		3FD9A7072E001BE900297D34 /* MTLIndirectCommandBuffer.hpp in Headers */ = {isa = PBXBuildFile; fileRef = 3FD9A6B02E001BE900297D34 /* MTLIndirectCommandBuffer.hpp */; };
		3FD9A7082E001BE900297D34 /* MTLCounters.hpp in Headers */ = {isa = PBXBuildFile; fileRef = 3FD9A6A12E001BE900297D34 /* MTLCounters.hpp */; };
		3FD9A7092E001BE900297D34 /* NSSharedPtr.hpp in Headers */ = {isa = PBXBuildFile; fileRef = 3FD9A6892E001BE900297D34 /* NSSharedPtr.hpp */; };
		3FD9A70A2E001BE900297D34 /* MTLIndirectCommandEncoder.hpp in Headers */ = {isa = PBXBuildFile; fileRef = 3FD9A6B12E001BE900297D34 /* MTLIndirectCommandEncoder.hpp */; };
		3FD9A70B2E001BE900297D34 /* MTLPixelFormat.hpp in Headers */ = {isa = PBXBuildFile; fileRef = 3FD9A6BB2E001BE900297D34 /* MTLPixelFormat.hpp */; };
		3FD9A70C2E001BE900297D34 /* MTLResourceStatePass.hpp in Headers */ = {isa = PBXBuildFile; fileRef = 3FD9A6C42E001BE900297D34 /* MTLResourceStatePass.hpp */; };
		3FD9A70D2E001BE900297D34 /* MTLRenderCommandEncoder.hpp in Headers */ = {isa = PBXBuildFile; fileRef = 3FD9A6BE2E001BE900297D34 /* MTLRenderCommandEncoder.hpp */; };
		3FD9A70E2E001BE900297D34 /* NSSet.hpp in Headers */ = {isa = PBXBuildFile; fileRef = 3FD9A6882E001BE900297D34 /* NSSet.hpp */; };
		3FD9A70F2E001BE900297D34 /* MTLVertexDescriptor.hpp in Headers */ = {isa = PBXBuildFile; fileRef = 3FD9A6CA2E001BE900297D34 /* MTLVertexDescriptor.hpp */; };
		3FD9A7102E001BE900297D34 /* NSObject.hpp in Headers */ = {isa = PBXBuildFile; fileRef = 3FD9A6842E001BE900297D34 /* NSObject.hpp */; };
		3FD9A7112E001BE900297D34 /* MTLAccelerationStructureCommandEncoder.hpp in Headers */ = {isa = PBXBuildFile; fileRef = 3FD9A6902E001BE900297D34 /* MTLAccelerationStructureCommandEncoder.hpp */; };
		3FD9A7122E001BE900297D34 /* MTLRenderPipeline.hpp in Headers */ = {isa = PBXBuildFile; fileRef = 3FD9A6C02E001BE900297D34 /* MTLRenderPipeline.hpp */; };
		3FD9A7132E001BE900297D34 /* MTLFXSpatialScaler.hpp in Headers */ = {isa = PBXBuildFile; fileRef = 3FD9A6D02E001BE900297D34 /* MTLFXSpatialScaler.hpp */; };
		3FD9A7142E001BE900297D34 /* MTLDevice.hpp in Headers */ = {isa = PBXBuildFile; fileRef = 3FD9A6A42E001BE900297D34 /* MTLDevice.hpp */; };
		3FD9A7152E001BE900297D34 /* MTLArgument.hpp in Headers */ = {isa = PBXBuildFile; fileRef = 3FD9A6932E001BE900297D34 /* MTLArgument.hpp */; };
		3FD9A7162E001BE900297D34 /* MTLComputePipeline.hpp in Headers */ = {isa = PBXBuildFile; fileRef = 3FD9A6A02E001BE900297D34 /* MTLComputePipeline.hpp */; };
		3FD9A7172E001BE900297D34 /* MTLCommandEncoder.hpp in Headers */ = {isa = PBXBuildFile; fileRef = 3FD9A69C2E001BE900297D34 /* MTLCommandEncoder.hpp */; };
		3FD9A7182E001BE900297D34 /* MTLResourceStateCommandEncoder.hpp in Headers */ = {isa = PBXBuildFile; fileRef = 3FD9A6C32E001BE900297D34 /* MTLResourceStateCommandEncoder.hpp */; };
		3FD9A7192E001BE900297D34 /* MTLVisibleFunctionTable.hpp in Headers */ = {isa = PBXBuildFile; fileRef = 3FD9A6CB2E001BE900297D34 /* MTLVisibleFunctionTable.hpp */; };
		3FD9A71A2E001BE900297D34 /* NSData.hpp in Headers */ = {isa = PBXBuildFile; fileRef = 3FD9A67A2E001BE900297D34 /* NSData.hpp */; };
		3FD9A71B2E001BE900297D34 /* MTLHeap.hpp in Headers */ = {isa = PBXBuildFile; fileRef = 3FD9A6AF2E001BE900297D34 /* MTLHeap.hpp */; };
		3FD9A71C2E001BE900297D34 /* MTLBlitCommandEncoder.hpp in Headers */ = {isa = PBXBuildFile; fileRef = 3FD9A6962E001BE900297D34 /* MTLBlitCommandEncoder.hpp */; };
		3FD9A71D2E001BE900297D34 /* MTLLinkedFunctions.hpp in Headers */ = {isa = PBXBuildFile; fileRef = 3FD9A6B72E001BE900297D34 /* MTLLinkedFunctions.hpp */; };
		3FD9A71E2E001BE900297D34 /* MTLParallelRenderCommandEncoder.hpp in Headers */ = {isa = PBXBuildFile; fileRef = 3FD9A6B92E001BE900297D34 /* MTLParallelRenderCommandEncoder.hpp */; };
		3FD9A71F2E001BE900297D34 /* CAMetalLayer.hpp in Headers */ = {isa = PBXBuildFile; fileRef = 3FD9A6D52E001BE900297D34 /* CAMetalLayer.hpp */; };
		3FD9A7202E001BE900297D34 /* NSBundle.hpp in Headers */ = {isa = PBXBuildFile; fileRef = 3FD9A6792E001BE900297D34 /* NSBundle.hpp */; };
		3FD9A7212E001BE900297D34 /* MTLVersion.hpp in Headers */ = {isa = PBXBuildFile; fileRef = 3FD9A6C92E001BE900297D34 /* MTLVersion.hpp */; };
		3FD9A7222E001BE900297D34 /* NSURL.hpp in Headers */ = {isa = PBXBuildFile; fileRef = 3FD9A68C2E001BE900297D34 /* NSURL.hpp */; };
		3FD9A7232E001BE900297D34 /* MTLDrawable.hpp in Headers */ = {isa = PBXBuildFile; fileRef = 3FD9A6A52E001BE900297D34 /* MTLDrawable.hpp */; };
		3FD9A7242E001BE900297D34 /* MTLAllocation.hpp in Headers */ = {isa = PBXBuildFile; fileRef = 3FD9A6922E001BE900297D34 /* MTLAllocation.hpp */; };
		3FD9A7252E001BE900297D34 /* NSObjCRuntime.hpp in Headers */ = {isa = PBXBuildFile; fileRef = 3FD9A6832E001BE900297D34 /* NSObjCRuntime.hpp */; };
		3FD9A7262E001BE900297D34 /* MTLFunctionStitching.hpp in Headers */ = {isa = PBXBuildFile; fileRef = 3FD9A6AD2E001BE900297D34 /* MTLFunctionStitching.hpp */; };
		3FD9A7272E001BE900297D34 /* NSLock.hpp in Headers */ = {isa = PBXBuildFile; fileRef = 3FD9A6802E001BE900297D34 /* NSLock.hpp */; };
		3FD9A7282E001BE900297D34 /* MTLSampler.hpp in Headers */ = {isa = PBXBuildFile; fileRef = 3FD9A6C52E001BE900297D34 /* MTLSampler.hpp */; };
		3FD9A7292E001BE900297D34 /* MTLLibrary.hpp in Headers */ = {isa = PBXBuildFile; fileRef = 3FD9A6B62E001BE900297D34 /* MTLLibrary.hpp */; };
		3FD9A72A2E001BE900297D34 /* NSError.hpp in Headers */ = {isa = PBXBuildFile; fileRef = 3FD9A67F2E001BE900297D34 /* NSError.hpp */; };
		3FD9A72B2E001BE900297D34 /* MTLEvent.hpp in Headers */ = {isa = PBXBuildFile; fileRef = 3FD9A6A72E001BE900297D34 /* MTLEvent.hpp */; };
		3FD9A72C2E001BE900297D34 /* MTLRasterizationRate.hpp in Headers */ = {isa = PBXBuildFile; fileRef = 3FD9A6BD2E001BE900297D34 /* MTLRasterizationRate.hpp */; };
		3FD9A72D2E001BE900297D34 /* MTLCommandQueue.hpp in Headers */ = {isa = PBXBuildFile; fileRef = 3FD9A69D2E001BE900297D34 /* MTLCommandQueue.hpp */; };
		3FD9A72E2E001BE900297D34 /* MTLComputePass.hpp in Headers */ = {isa = PBXBuildFile; fileRef = 3FD9A69F2E001BE900297D34 /* MTLComputePass.hpp */; };
		3FD9A72F2E001BE900297D34 /* MTLArgumentEncoder.hpp in Headers */ = {isa = PBXBuildFile; fileRef = 3FD9A6942E001BE900297D34 /* MTLArgumentEncoder.hpp */; };
		3FD9A7302E001BE900297D34 /* MTLPrivate.hpp in Headers */ = {isa = PBXBuildFile; fileRef = 3FD9A6BC2E001BE900297D34 /* MTLPrivate.hpp */; };
		3FD9A7312E001BE900297D34 /* MTLFXDefines.hpp in Headers */ = {isa = PBXBuildFile; fileRef = 3FD9A6CE2E001BE900297D34 /* MTLFXDefines.hpp */; };
		3FD9A7322E001BE900297D34 /* MTLStageInputOutputDescriptor.hpp in Headers */ = {isa = PBXBuildFile; fileRef = 3FD9A6C62E001BE900297D34 /* MTLStageInputOutputDescriptor.hpp */; };
		3FD9A7332E001BE900297D34 /* MTLTypes.hpp in Headers */ = {isa = PBXBuildFile; fileRef = 3FD9A6C82E001BE900297D34 /* MTLTypes.hpp */; };
		3FD9A7342E001BE900297D34 /* NSDictionary.hpp in Headers */ = {isa = PBXBuildFile; fileRef = 3FD9A67D2E001BE900297D34 /* NSDictionary.hpp */; };
		3FD9A7352E001BE900297D34 /* NSDate.hpp in Headers */ = {isa = PBXBuildFile; fileRef = 3FD9A67B2E001BE900297D34 /* NSDate.hpp */; };
		3FD9A7362E001BE900297D34 /* NSEnumerator.hpp in Headers */ = {isa = PBXBuildFile; fileRef = 3FD9A67E2E001BE900297D34 /* NSEnumerator.hpp */; };
		3FD9A7372E001BE900297D34 /* MTLDynamicLibrary.hpp in Headers */ = {isa = PBXBuildFile; fileRef = 3FD9A6A62E001BE900297D34 /* MTLDynamicLibrary.hpp */; };
		3FD9A7382E001BE900297D34 /* CAPrivate.hpp in Headers */ = {isa = PBXBuildFile; fileRef = 3FD9A6D62E001BE900297D34 /* CAPrivate.hpp */; };
		3FD9A7392E001BE900297D34 /* NSTypes.hpp in Headers */ = {isa = PBXBuildFile; fileRef = 3FD9A68B2E001BE900297D34 /* NSTypes.hpp */; };
		3FD9A73A2E001BE900297D34 /* MetalFX.hpp in Headers */ = {isa = PBXBuildFile; fileRef = 3FD9A6CD2E001BE900297D34 /* MetalFX.hpp */; };
		3FD9A73B2E001BE900297D34 /* MTLFunctionLog.hpp in Headers */ = {isa = PBXBuildFile; fileRef = 3FD9A6AC2E001BE900297D34 /* MTLFunctionLog.hpp */; };
		3FD9A73C2E001BE900297D34 /* MTLResidencySet.hpp in Headers */ = {isa = PBXBuildFile; fileRef = 3FD9A6C12E001BE900297D34 /* MTLResidencySet.hpp */; };
		3FD9A7AF2E00327400297D34 /* QuartzCore.framework in Frameworks */ = {isa = PBXBuildFile; fileRef = 3FD9A5672DFF6FD900297D34 /* QuartzCore.framework */; };
/* End PBXBuildFile section */

/* Begin PBXFileReference section */
		3FD9A44B2DFF261E00297D34 /* imp1.framework */ = {isa = PBXFileReference; explicitFileType = wrapper.framework; includeInIndex = 0; path = imp1.framework; sourceTree = BUILT_PRODUCTS_DIR; };
		3FD9A4622DFF330100297D34 /* Metal.framework */ = {isa = PBXFileReference; lastKnownFileType = wrapper.framework; name = Metal.framework; path = Platforms/MacOSX.platform/Developer/SDKs/MacOSX15.2.sdk/System/Library/Frameworks/Metal.framework; sourceTree = DEVELOPER_DIR; };
		3FD9A4642DFF330900297D34 /* Foundation.framework */ = {isa = PBXFileReference; lastKnownFileType = wrapper.framework; name = Foundation.framework; path = Platforms/MacOSX.platform/Developer/SDKs/MacOSX15.2.sdk/System/Library/Frameworks/Foundation.framework; sourceTree = DEVELOPER_DIR; };
		3FD9A5672DFF6FD900297D34 /* QuartzCore.framework */ = {isa = PBXFileReference; lastKnownFileType = wrapper.framework; name = QuartzCore.framework; path = Platforms/MacOSX.platform/Developer/SDKs/MacOSX15.2.sdk/System/Library/Frameworks/QuartzCore.framework; sourceTree = DEVELOPER_DIR; };
		3FD9A6762E001BE900297D34 /* Foundation.hpp */ = {isa = PBXFileReference; lastKnownFileType = sourcecode.cpp.h; path = Foundation.hpp; sourceTree = "<group>"; };
		3FD9A6772E001BE900297D34 /* NSArray.hpp */ = {isa = PBXFileReference; lastKnownFileType = sourcecode.cpp.h; path = NSArray.hpp; sourceTree = "<group>"; };
		3FD9A6782E001BE900297D34 /* NSAutoreleasePool.hpp */ = {isa = PBXFileReference; lastKnownFileType = sourcecode.cpp.h; path = NSAutoreleasePool.hpp; sourceTree = "<group>"; };
		3FD9A6792E001BE900297D34 /* NSBundle.hpp */ = {isa = PBXFileReference; lastKnownFileType = sourcecode.cpp.h; path = NSBundle.hpp; sourceTree = "<group>"; };
		3FD9A67A2E001BE900297D34 /* NSData.hpp */ = {isa = PBXFileReference; lastKnownFileType = sourcecode.cpp.h; path = NSData.hpp; sourceTree = "<group>"; };
		3FD9A67B2E001BE900297D34 /* NSDate.hpp */ = {isa = PBXFileReference; lastKnownFileType = sourcecode.cpp.h; path = NSDate.hpp; sourceTree = "<group>"; };
		3FD9A67C2E001BE900297D34 /* NSDefines.hpp */ = {isa = PBXFileReference; lastKnownFileType = sourcecode.cpp.h; path = NSDefines.hpp; sourceTree = "<group>"; };
		3FD9A67D2E001BE900297D34 /* NSDictionary.hpp */ = {isa = PBXFileReference; lastKnownFileType = sourcecode.cpp.h; path = NSDictionary.hpp; sourceTree = "<group>"; };
		3FD9A67E2E001BE900297D34 /* NSEnumerator.hpp */ = {isa = PBXFileReference; lastKnownFileType = sourcecode.cpp.h; path = NSEnumerator.hpp; sourceTree = "<group>"; };
		3FD9A67F2E001BE900297D34 /* NSError.hpp */ = {isa = PBXFileReference; lastKnownFileType = sourcecode.cpp.h; path = NSError.hpp; sourceTree = "<group>"; };
		3FD9A6802E001BE900297D34 /* NSLock.hpp */ = {isa = PBXFileReference; lastKnownFileType = sourcecode.cpp.h; path = NSLock.hpp; sourceTree = "<group>"; };
		3FD9A6812E001BE900297D34 /* NSNotification.hpp */ = {isa = PBXFileReference; lastKnownFileType = sourcecode.cpp.h; path = NSNotification.hpp; sourceTree = "<group>"; };
		3FD9A6822E001BE900297D34 /* NSNumber.hpp */ = {isa = PBXFileReference; lastKnownFileType = sourcecode.cpp.h; path = NSNumber.hpp; sourceTree = "<group>"; };
		3FD9A6832E001BE900297D34 /* NSObjCRuntime.hpp */ = {isa = PBXFileReference; lastKnownFileType = sourcecode.cpp.h; path = NSObjCRuntime.hpp; sourceTree = "<group>"; };
		3FD9A6842E001BE900297D34 /* NSObject.hpp */ = {isa = PBXFileReference; lastKnownFileType = sourcecode.cpp.h; path = NSObject.hpp; sourceTree = "<group>"; };
		3FD9A6852E001BE900297D34 /* NSPrivate.hpp */ = {isa = PBXFileReference; lastKnownFileType = sourcecode.cpp.h; path = NSPrivate.hpp; sourceTree = "<group>"; };
		3FD9A6862E001BE900297D34 /* NSProcessInfo.hpp */ = {isa = PBXFileReference; lastKnownFileType = sourcecode.cpp.h; path = NSProcessInfo.hpp; sourceTree = "<group>"; };
		3FD9A6872E001BE900297D34 /* NSRange.hpp */ = {isa = PBXFileReference; lastKnownFileType = sourcecode.cpp.h; path = NSRange.hpp; sourceTree = "<group>"; };
		3FD9A6882E001BE900297D34 /* NSSet.hpp */ = {isa = PBXFileReference; lastKnownFileType = sourcecode.cpp.h; path = NSSet.hpp; sourceTree = "<group>"; };
		3FD9A6892E001BE900297D34 /* NSSharedPtr.hpp */ = {isa = PBXFileReference; lastKnownFileType = sourcecode.cpp.h; path = NSSharedPtr.hpp; sourceTree = "<group>"; };
		3FD9A68A2E001BE900297D34 /* NSString.hpp */ = {isa = PBXFileReference; lastKnownFileType = sourcecode.cpp.h; path = NSString.hpp; sourceTree = "<group>"; };
		3FD9A68B2E001BE900297D34 /* NSTypes.hpp */ = {isa = PBXFileReference; lastKnownFileType = sourcecode.cpp.h; path = NSTypes.hpp; sourceTree = "<group>"; };
		3FD9A68C2E001BE900297D34 /* NSURL.hpp */ = {isa = PBXFileReference; lastKnownFileType = sourcecode.cpp.h; path = NSURL.hpp; sourceTree = "<group>"; };
		3FD9A68E2E001BE900297D34 /* Metal.hpp */ = {isa = PBXFileReference; lastKnownFileType = sourcecode.cpp.h; path = Metal.hpp; sourceTree = "<group>"; };
		3FD9A68F2E001BE900297D34 /* MTLAccelerationStructure.hpp */ = {isa = PBXFileReference; lastKnownFileType = sourcecode.cpp.h; path = MTLAccelerationStructure.hpp; sourceTree = "<group>"; };
		3FD9A6902E001BE900297D34 /* MTLAccelerationStructureCommandEncoder.hpp */ = {isa = PBXFileReference; lastKnownFileType = sourcecode.cpp.h; path = MTLAccelerationStructureCommandEncoder.hpp; sourceTree = "<group>"; };
		3FD9A6912E001BE900297D34 /* MTLAccelerationStructureTypes.hpp */ = {isa = PBXFileReference; lastKnownFileType = sourcecode.cpp.h; path = MTLAccelerationStructureTypes.hpp; sourceTree = "<group>"; };
		3FD9A6922E001BE900297D34 /* MTLAllocation.hpp */ = {isa = PBXFileReference; lastKnownFileType = sourcecode.cpp.h; path = MTLAllocation.hpp; sourceTree = "<group>"; };
		3FD9A6932E001BE900297D34 /* MTLArgument.hpp */ = {isa = PBXFileReference; lastKnownFileType = sourcecode.cpp.h; path = MTLArgument.hpp; sourceTree = "<group>"; };
		3FD9A6942E001BE900297D34 /* MTLArgumentEncoder.hpp */ = {isa = PBXFileReference; lastKnownFileType = sourcecode.cpp.h; path = MTLArgumentEncoder.hpp; sourceTree = "<group>"; };
		3FD9A6952E001BE900297D34 /* MTLBinaryArchive.hpp */ = {isa = PBXFileReference; lastKnownFileType = sourcecode.cpp.h; path = MTLBinaryArchive.hpp; sourceTree = "<group>"; };
		3FD9A6962E001BE900297D34 /* MTLBlitCommandEncoder.hpp */ = {isa = PBXFileReference; lastKnownFileType = sourcecode.cpp.h; path = MTLBlitCommandEncoder.hpp; sourceTree = "<group>"; };
		3FD9A6972E001BE900297D34 /* MTLBlitPass.hpp */ = {isa = PBXFileReference; lastKnownFileType = sourcecode.cpp.h; path = MTLBlitPass.hpp; sourceTree = "<group>"; };
		3FD9A6982E001BE900297D34 /* MTLBuffer.hpp */ = {isa = PBXFileReference; lastKnownFileType = sourcecode.cpp.h; path = MTLBuffer.hpp; sourceTree = "<group>"; };
		3FD9A6992E001BE900297D34 /* MTLCaptureManager.hpp */ = {isa = PBXFileReference; lastKnownFileType = sourcecode.cpp.h; path = MTLCaptureManager.hpp; sourceTree = "<group>"; };
		3FD9A69A2E001BE900297D34 /* MTLCaptureScope.hpp */ = {isa = PBXFileReference; lastKnownFileType = sourcecode.cpp.h; path = MTLCaptureScope.hpp; sourceTree = "<group>"; };
		3FD9A69B2E001BE900297D34 /* MTLCommandBuffer.hpp */ = {isa = PBXFileReference; lastKnownFileType = sourcecode.cpp.h; path = MTLCommandBuffer.hpp; sourceTree = "<group>"; };
		3FD9A69C2E001BE900297D34 /* MTLCommandEncoder.hpp */ = {isa = PBXFileReference; lastKnownFileType = sourcecode.cpp.h; path = MTLCommandEncoder.hpp; sourceTree = "<group>"; };
		3FD9A69D2E001BE900297D34 /* MTLCommandQueue.hpp */ = {isa = PBXFileReference; lastKnownFileType = sourcecode.cpp.h; path = MTLCommandQueue.hpp; sourceTree = "<group>"; };
		3FD9A69E2E001BE900297D34 /* MTLComputeCommandEncoder.hpp */ = {isa = PBXFileReference; lastKnownFileType = sourcecode.cpp.h; path = MTLComputeCommandEncoder.hpp; sourceTree = "<group>"; };
		3FD9A69F2E001BE900297D34 /* MTLComputePass.hpp */ = {isa = PBXFileReference; lastKnownFileType = sourcecode.cpp.h; path = MTLComputePass.hpp; sourceTree = "<group>"; };
		3FD9A6A02E001BE900297D34 /* MTLComputePipeline.hpp */ = {isa = PBXFileReference; lastKnownFileType = sourcecode.cpp.h; path = MTLComputePipeline.hpp; sourceTree = "<group>"; };
		3FD9A6A12E001BE900297D34 /* MTLCounters.hpp */ = {isa = PBXFileReference; lastKnownFileType = sourcecode.cpp.h; path = MTLCounters.hpp; sourceTree = "<group>"; };
		3FD9A6A22E001BE900297D34 /* MTLDefines.hpp */ = {isa = PBXFileReference; lastKnownFileType = sourcecode.cpp.h; path = MTLDefines.hpp; sourceTree = "<group>"; };
		3FD9A6A32E001BE900297D34 /* MTLDepthStencil.hpp */ = {isa = PBXFileReference; lastKnownFileType = sourcecode.cpp.h; path = MTLDepthStencil.hpp; sourceTree = "<group>"; };
		3FD9A6A42E001BE900297D34 /* MTLDevice.hpp */ = {isa = PBXFileReference; lastKnownFileType = sourcecode.cpp.h; path = MTLDevice.hpp; sourceTree = "<group>"; };
		3FD9A6A52E001BE900297D34 /* MTLDrawable.hpp */ = {isa = PBXFileReference; lastKnownFileType = sourcecode.cpp.h; path = MTLDrawable.hpp; sourceTree = "<group>"; };
		3FD9A6A62E001BE900297D34 /* MTLDynamicLibrary.hpp */ = {isa = PBXFileReference; lastKnownFileType = sourcecode.cpp.h; path = MTLDynamicLibrary.hpp; sourceTree = "<group>"; };
		3FD9A6A72E001BE900297D34 /* MTLEvent.hpp */ = {isa = PBXFileReference; lastKnownFileType = sourcecode.cpp.h; path = MTLEvent.hpp; sourceTree = "<group>"; };
		3FD9A6A82E001BE900297D34 /* MTLFence.hpp */ = {isa = PBXFileReference; lastKnownFileType = sourcecode.cpp.h; path = MTLFence.hpp; sourceTree = "<group>"; };
		3FD9A6A92E001BE900297D34 /* MTLFunctionConstantValues.hpp */ = {isa = PBXFileReference; lastKnownFileType = sourcecode.cpp.h; path = MTLFunctionConstantValues.hpp; sourceTree = "<group>"; };
		3FD9A6AA2E001BE900297D34 /* MTLFunctionDescriptor.hpp */ = {isa = PBXFileReference; lastKnownFileType = sourcecode.cpp.h; path = MTLFunctionDescriptor.hpp; sourceTree = "<group>"; };
		3FD9A6AB2E001BE900297D34 /* MTLFunctionHandle.hpp */ = {isa = PBXFileReference; lastKnownFileType = sourcecode.cpp.h; path = MTLFunctionHandle.hpp; sourceTree = "<group>"; };
		3FD9A6AC2E001BE900297D34 /* MTLFunctionLog.hpp */ = {isa = PBXFileReference; lastKnownFileType = sourcecode.cpp.h; path = MTLFunctionLog.hpp; sourceTree = "<group>"; };
		3FD9A6AD2E001BE900297D34 /* MTLFunctionStitching.hpp */ = {isa = PBXFileReference; lastKnownFileType = sourcecode.cpp.h; path = MTLFunctionStitching.hpp; sourceTree = "<group>"; };
		3FD9A6AE2E001BE900297D34 /* MTLHeaderBridge.hpp */ = {isa = PBXFileReference; lastKnownFileType = sourcecode.cpp.h; path = MTLHeaderBridge.hpp; sourceTree = "<group>"; };
		3FD9A6AF2E001BE900297D34 /* MTLHeap.hpp */ = {isa = PBXFileReference; lastKnownFileType = sourcecode.cpp.h; path = MTLHeap.hpp; sourceTree = "<group>"; };
		3FD9A6B02E001BE900297D34 /* MTLIndirectCommandBuffer.hpp */ = {isa = PBXFileReference; lastKnownFileType = sourcecode.cpp.h; path = MTLIndirectCommandBuffer.hpp; sourceTree = "<group>"; };
		3FD9A6B12E001BE900297D34 /* MTLIndirectCommandEncoder.hpp */ = {isa = PBXFileReference; lastKnownFileType = sourcecode.cpp.h; path = MTLIndirectCommandEncoder.hpp; sourceTree = "<group>"; };
		3FD9A6B22E001BE900297D34 /* MTLIntersectionFunctionTable.hpp */ = {isa = PBXFileReference; lastKnownFileType = sourcecode.cpp.h; path = MTLIntersectionFunctionTable.hpp; sourceTree = "<group>"; };
		3FD9A6B32E001BE900297D34 /* MTLIOCommandBuffer.hpp */ = {isa = PBXFileReference; lastKnownFileType = sourcecode.cpp.h; path = MTLIOCommandBuffer.hpp; sourceTree = "<group>"; };
		3FD9A6B42E001BE900297D34 /* MTLIOCommandQueue.hpp */ = {isa = PBXFileReference; lastKnownFileType = sourcecode.cpp.h; path = MTLIOCommandQueue.hpp; sourceTree = "<group>"; };
		3FD9A6B52E001BE900297D34 /* MTLIOCompressor.hpp */ = {isa = PBXFileReference; lastKnownFileType = sourcecode.cpp.h; path = MTLIOCompressor.hpp; sourceTree = "<group>"; };
		3FD9A6B62E001BE900297D34 /* MTLLibrary.hpp */ = {isa = PBXFileReference; lastKnownFileType = sourcecode.cpp.h; path = MTLLibrary.hpp; sourceTree = "<group>"; };
		3FD9A6B72E001BE900297D34 /* MTLLinkedFunctions.hpp */ = {isa = PBXFileReference; lastKnownFileType = sourcecode.cpp.h; path = MTLLinkedFunctions.hpp; sourceTree = "<group>"; };
		3FD9A6B82E001BE900297D34 /* MTLLogState.hpp */ = {isa = PBXFileReference; lastKnownFileType = sourcecode.cpp.h; path = MTLLogState.hpp; sourceTree = "<group>"; };
		3FD9A6B92E001BE900297D34 /* MTLParallelRenderCommandEncoder.hpp */ = {isa = PBXFileReference; lastKnownFileType = sourcecode.cpp.h; path = MTLParallelRenderCommandEncoder.hpp; sourceTree = "<group>"; };
		3FD9A6BA2E001BE900297D34 /* MTLPipeline.hpp */ = {isa = PBXFileReference; lastKnownFileType = sourcecode.cpp.h; path = MTLPipeline.hpp; sourceTree = "<group>"; };
		3FD9A6BB2E001BE900297D34 /* MTLPixelFormat.hpp */ = {isa = PBXFileReference; lastKnownFileType = sourcecode.cpp.h; path = MTLPixelFormat.hpp; sourceTree = "<group>"; };
		3FD9A6BC2E001BE900297D34 /* MTLPrivate.hpp */ = {isa = PBXFileReference; lastKnownFileType = sourcecode.cpp.h; path = MTLPrivate.hpp; sourceTree = "<group>"; };
		3FD9A6BD2E001BE900297D34 /* MTLRasterizationRate.hpp */ = {isa = PBXFileReference; lastKnownFileType = sourcecode.cpp.h; path = MTLRasterizationRate.hpp; sourceTree = "<group>"; };
		3FD9A6BE2E001BE900297D34 /* MTLRenderCommandEncoder.hpp */ = {isa = PBXFileReference; lastKnownFileType = sourcecode.cpp.h; path = MTLRenderCommandEncoder.hpp; sourceTree = "<group>"; };
		3FD9A6BF2E001BE900297D34 /* MTLRenderPass.hpp */ = {isa = PBXFileReference; lastKnownFileType = sourcecode.cpp.h; path = MTLRenderPass.hpp; sourceTree = "<group>"; };
		3FD9A6C02E001BE900297D34 /* MTLRenderPipeline.hpp */ = {isa = PBXFileReference; lastKnownFileType = sourcecode.cpp.h; path = MTLRenderPipeline.hpp; sourceTree = "<group>"; };
		3FD9A6C12E001BE900297D34 /* MTLResidencySet.hpp */ = {isa = PBXFileReference; lastKnownFileType = sourcecode.cpp.h; path = MTLResidencySet.hpp; sourceTree = "<group>"; };
		3FD9A6C22E001BE900297D34 /* MTLResource.hpp */ = {isa = PBXFileReference; lastKnownFileType = sourcecode.cpp.h; path = MTLResource.hpp; sourceTree = "<group>"; };
		3FD9A6C32E001BE900297D34 /* MTLResourceStateCommandEncoder.hpp */ = {isa = PBXFileReference; lastKnownFileType = sourcecode.cpp.h; path = MTLResourceStateCommandEncoder.hpp; sourceTree = "<group>"; };
		3FD9A6C42E001BE900297D34 /* MTLResourceStatePass.hpp */ = {isa = PBXFileReference; lastKnownFileType = sourcecode.cpp.h; path = MTLResourceStatePass.hpp; sourceTree = "<group>"; };
		3FD9A6C52E001BE900297D34 /* MTLSampler.hpp */ = {isa = PBXFileReference; lastKnownFileType = sourcecode.cpp.h; path = MTLSampler.hpp; sourceTree = "<group>"; };
		3FD9A6C62E001BE900297D34 /* MTLStageInputOutputDescriptor.hpp */ = {isa = PBXFileReference; lastKnownFileType = sourcecode.cpp.h; path = MTLStageInputOutputDescriptor.hpp; sourceTree = "<group>"; };
		3FD9A6C72E001BE900297D34 /* MTLTexture.hpp */ = {isa = PBXFileReference; lastKnownFileType = sourcecode.cpp.h; path = MTLTexture.hpp; sourceTree = "<group>"; };
		3FD9A6C82E001BE900297D34 /* MTLTypes.hpp */ = {isa = PBXFileReference; lastKnownFileType = sourcecode.cpp.h; path = MTLTypes.hpp; sourceTree = "<group>"; };
		3FD9A6C92E001BE900297D34 /* MTLVersion.hpp */ = {isa = PBXFileReference; lastKnownFileType = sourcecode.cpp.h; path = MTLVersion.hpp; sourceTree = "<group>"; };
		3FD9A6CA2E001BE900297D34 /* MTLVertexDescriptor.hpp */ = {isa = PBXFileReference; lastKnownFileType = sourcecode.cpp.h; path = MTLVertexDescriptor.hpp; sourceTree = "<group>"; };
		3FD9A6CB2E001BE900297D34 /* MTLVisibleFunctionTable.hpp */ = {isa = PBXFileReference; lastKnownFileType = sourcecode.cpp.h; path = MTLVisibleFunctionTable.hpp; sourceTree = "<group>"; };
		3FD9A6CD2E001BE900297D34 /* MetalFX.hpp */ = {isa = PBXFileReference; lastKnownFileType = sourcecode.cpp.h; path = MetalFX.hpp; sourceTree = "<group>"; };
		3FD9A6CE2E001BE900297D34 /* MTLFXDefines.hpp */ = {isa = PBXFileReference; lastKnownFileType = sourcecode.cpp.h; path = MTLFXDefines.hpp; sourceTree = "<group>"; };
		3FD9A6CF2E001BE900297D34 /* MTLFXPrivate.hpp */ = {isa = PBXFileReference; lastKnownFileType = sourcecode.cpp.h; path = MTLFXPrivate.hpp; sourceTree = "<group>"; };
		3FD9A6D02E001BE900297D34 /* MTLFXSpatialScaler.hpp */ = {isa = PBXFileReference; lastKnownFileType = sourcecode.cpp.h; path = MTLFXSpatialScaler.hpp; sourceTree = "<group>"; };
		3FD9A6D12E001BE900297D34 /* MTLFXTemporalScaler.hpp */ = {isa = PBXFileReference; lastKnownFileType = sourcecode.cpp.h; path = MTLFXTemporalScaler.hpp; sourceTree = "<group>"; };
		3FD9A6D32E001BE900297D34 /* CADefines.hpp */ = {isa = PBXFileReference; lastKnownFileType = sourcecode.cpp.h; path = CADefines.hpp; sourceTree = "<group>"; };
		3FD9A6D42E001BE900297D34 /* CAMetalDrawable.hpp */ = {isa = PBXFileReference; lastKnownFileType = sourcecode.cpp.h; path = CAMetalDrawable.hpp; sourceTree = "<group>"; };
		3FD9A6D52E001BE900297D34 /* CAMetalLayer.hpp */ = {isa = PBXFileReference; lastKnownFileType = sourcecode.cpp.h; path = CAMetalLayer.hpp; sourceTree = "<group>"; };
		3FD9A6D62E001BE900297D34 /* CAPrivate.hpp */ = {isa = PBXFileReference; lastKnownFileType = sourcecode.cpp.h; path = CAPrivate.hpp; sourceTree = "<group>"; };
		3FD9A6D72E001BE900297D34 /* QuartzCore.hpp */ = {isa = PBXFileReference; lastKnownFileType = sourcecode.cpp.h; path = QuartzCore.hpp; sourceTree = "<group>"; };
/* End PBXFileReference section */

/* Begin PBXFileSystemSynchronizedBuildFileExceptionSet section */
		3FD9A4502DFF261E00297D34 /* Exceptions for "imp1" folder in "imp1" target */ = {
			isa = PBXFileSystemSynchronizedBuildFileExceptionSet;
			publicHeaders = (
				imp1.h,
				PublicApi.h,
			);
			target = 3FD9A44A2DFF261E00297D34 /* imp1 */;
		};
/* End PBXFileSystemSynchronizedBuildFileExceptionSet section */

/* Begin PBXFileSystemSynchronizedRootGroup section */
		3FD9A44D2DFF261E00297D34 /* imp1 */ = {
			isa = PBXFileSystemSynchronizedRootGroup;
			exceptions = (
				3FD9A4502DFF261E00297D34 /* Exceptions for "imp1" folder in "imp1" target */,
			);
			path = imp1;
			sourceTree = "<group>";
		};
/* End PBXFileSystemSynchronizedRootGroup section */

/* Begin PBXFrameworksBuildPhase section */
		3FD9A4482DFF261E00297D34 /* Frameworks */ = {
			isa = PBXFrameworksBuildPhase;
			buildActionMask = 2147483647;
			files = (
				3FD9A7AF2E00327400297D34 /* QuartzCore.framework in Frameworks */,
				3FD9A4632DFF330100297D34 /* Metal.framework in Frameworks */,
				3FD9A4652DFF330900297D34 /* Foundation.framework in Frameworks */,
			);
			runOnlyForDeploymentPostprocessing = 0;
		};
/* End PBXFrameworksBuildPhase section */

/* Begin PBXGroup section */
		3FD9A4412DFF261E00297D34 = {
			isa = PBXGroup;
			children = (
				3FD9A6DD2E001BE900297D34 /* metal-cpp */,
				3FD9A44D2DFF261E00297D34 /* imp1 */,
				3FD9A4612DFF330000297D34 /* Frameworks */,
				3FD9A44C2DFF261E00297D34 /* Products */,
			);
			sourceTree = "<group>";
		};
		3FD9A44C2DFF261E00297D34 /* Products */ = {
			isa = PBXGroup;
			children = (
				3FD9A44B2DFF261E00297D34 /* imp1.framework */,
			);
			name = Products;
			sourceTree = "<group>";
		};
		3FD9A4612DFF330000297D34 /* Frameworks */ = {
			isa = PBXGroup;
			children = (
				3FD9A5672DFF6FD900297D34 /* QuartzCore.framework */,
				3FD9A4642DFF330900297D34 /* Foundation.framework */,
				3FD9A4622DFF330100297D34 /* Metal.framework */,
			);
			name = Frameworks;
			sourceTree = "<group>";
		};
		3FD9A68D2E001BE900297D34 /* Foundation */ = {
			isa = PBXGroup;
			children = (
				3FD9A6762E001BE900297D34 /* Foundation.hpp */,
				3FD9A6772E001BE900297D34 /* NSArray.hpp */,
				3FD9A6782E001BE900297D34 /* NSAutoreleasePool.hpp */,
				3FD9A6792E001BE900297D34 /* NSBundle.hpp */,
				3FD9A67A2E001BE900297D34 /* NSData.hpp */,
				3FD9A67B2E001BE900297D34 /* NSDate.hpp */,
				3FD9A67C2E001BE900297D34 /* NSDefines.hpp */,
				3FD9A67D2E001BE900297D34 /* NSDictionary.hpp */,
				3FD9A67E2E001BE900297D34 /* NSEnumerator.hpp */,
				3FD9A67F2E001BE900297D34 /* NSError.hpp */,
				3FD9A6802E001BE900297D34 /* NSLock.hpp */,
				3FD9A6812E001BE900297D34 /* NSNotification.hpp */,
				3FD9A6822E001BE900297D34 /* NSNumber.hpp */,
				3FD9A6832E001BE900297D34 /* NSObjCRuntime.hpp */,
				3FD9A6842E001BE900297D34 /* NSObject.hpp */,
				3FD9A6852E001BE900297D34 /* NSPrivate.hpp */,
				3FD9A6862E001BE900297D34 /* NSProcessInfo.hpp */,
				3FD9A6872E001BE900297D34 /* NSRange.hpp */,
				3FD9A6882E001BE900297D34 /* NSSet.hpp */,
				3FD9A6892E001BE900297D34 /* NSSharedPtr.hpp */,
				3FD9A68A2E001BE900297D34 /* NSString.hpp */,
				3FD9A68B2E001BE900297D34 /* NSTypes.hpp */,
				3FD9A68C2E001BE900297D34 /* NSURL.hpp */,
			);
			path = Foundation;
			sourceTree = "<group>";
		};
		3FD9A6CC2E001BE900297D34 /* Metal */ = {
			isa = PBXGroup;
			children = (
				3FD9A68E2E001BE900297D34 /* Metal.hpp */,
				3FD9A68F2E001BE900297D34 /* MTLAccelerationStructure.hpp */,
				3FD9A6902E001BE900297D34 /* MTLAccelerationStructureCommandEncoder.hpp */,
				3FD9A6912E001BE900297D34 /* MTLAccelerationStructureTypes.hpp */,
				3FD9A6922E001BE900297D34 /* MTLAllocation.hpp */,
				3FD9A6932E001BE900297D34 /* MTLArgument.hpp */,
				3FD9A6942E001BE900297D34 /* MTLArgumentEncoder.hpp */,
				3FD9A6952E001BE900297D34 /* MTLBinaryArchive.hpp */,
				3FD9A6962E001BE900297D34 /* MTLBlitCommandEncoder.hpp */,
				3FD9A6972E001BE900297D34 /* MTLBlitPass.hpp */,
				3FD9A6982E001BE900297D34 /* MTLBuffer.hpp */,
				3FD9A6992E001BE900297D34 /* MTLCaptureManager.hpp */,
				3FD9A69A2E001BE900297D34 /* MTLCaptureScope.hpp */,
				3FD9A69B2E001BE900297D34 /* MTLCommandBuffer.hpp */,
				3FD9A69C2E001BE900297D34 /* MTLCommandEncoder.hpp */,
				3FD9A69D2E001BE900297D34 /* MTLCommandQueue.hpp */,
				3FD9A69E2E001BE900297D34 /* MTLComputeCommandEncoder.hpp */,
				3FD9A69F2E001BE900297D34 /* MTLComputePass.hpp */,
				3FD9A6A02E001BE900297D34 /* MTLComputePipeline.hpp */,
				3FD9A6A12E001BE900297D34 /* MTLCounters.hpp */,
				3FD9A6A22E001BE900297D34 /* MTLDefines.hpp */,
				3FD9A6A32E001BE900297D34 /* MTLDepthStencil.hpp */,
				3FD9A6A42E001BE900297D34 /* MTLDevice.hpp */,
				3FD9A6A52E001BE900297D34 /* MTLDrawable.hpp */,
				3FD9A6A62E001BE900297D34 /* MTLDynamicLibrary.hpp */,
				3FD9A6A72E001BE900297D34 /* MTLEvent.hpp */,
				3FD9A6A82E001BE900297D34 /* MTLFence.hpp */,
				3FD9A6A92E001BE900297D34 /* MTLFunctionConstantValues.hpp */,
				3FD9A6AA2E001BE900297D34 /* MTLFunctionDescriptor.hpp */,
				3FD9A6AB2E001BE900297D34 /* MTLFunctionHandle.hpp */,
				3FD9A6AC2E001BE900297D34 /* MTLFunctionLog.hpp */,
				3FD9A6AD2E001BE900297D34 /* MTLFunctionStitching.hpp */,
				3FD9A6AE2E001BE900297D34 /* MTLHeaderBridge.hpp */,
				3FD9A6AF2E001BE900297D34 /* MTLHeap.hpp */,
				3FD9A6B02E001BE900297D34 /* MTLIndirectCommandBuffer.hpp */,
				3FD9A6B12E001BE900297D34 /* MTLIndirectCommandEncoder.hpp */,
				3FD9A6B22E001BE900297D34 /* MTLIntersectionFunctionTable.hpp */,
				3FD9A6B32E001BE900297D34 /* MTLIOCommandBuffer.hpp */,
				3FD9A6B42E001BE900297D34 /* MTLIOCommandQueue.hpp */,
				3FD9A6B52E001BE900297D34 /* MTLIOCompressor.hpp */,
				3FD9A6B62E001BE900297D34 /* MTLLibrary.hpp */,
				3FD9A6B72E001BE900297D34 /* MTLLinkedFunctions.hpp */,
				3FD9A6B82E001BE900297D34 /* MTLLogState.hpp */,
				3FD9A6B92E001BE900297D34 /* MTLParallelRenderCommandEncoder.hpp */,
				3FD9A6BA2E001BE900297D34 /* MTLPipeline.hpp */,
				3FD9A6BB2E001BE900297D34 /* MTLPixelFormat.hpp */,
				3FD9A6BC2E001BE900297D34 /* MTLPrivate.hpp */,
				3FD9A6BD2E001BE900297D34 /* MTLRasterizationRate.hpp */,
				3FD9A6BE2E001BE900297D34 /* MTLRenderCommandEncoder.hpp */,
				3FD9A6BF2E001BE900297D34 /* MTLRenderPass.hpp */,
				3FD9A6C02E001BE900297D34 /* MTLRenderPipeline.hpp */,
				3FD9A6C12E001BE900297D34 /* MTLResidencySet.hpp */,
				3FD9A6C22E001BE900297D34 /* MTLResource.hpp */,
				3FD9A6C32E001BE900297D34 /* MTLResourceStateCommandEncoder.hpp */,
				3FD9A6C42E001BE900297D34 /* MTLResourceStatePass.hpp */,
				3FD9A6C52E001BE900297D34 /* MTLSampler.hpp */,
				3FD9A6C62E001BE900297D34 /* MTLStageInputOutputDescriptor.hpp */,
				3FD9A6C72E001BE900297D34 /* MTLTexture.hpp */,
				3FD9A6C82E001BE900297D34 /* MTLTypes.hpp */,
				3FD9A6C92E001BE900297D34 /* MTLVersion.hpp */,
				3FD9A6CA2E001BE900297D34 /* MTLVertexDescriptor.hpp */,
				3FD9A6CB2E001BE900297D34 /* MTLVisibleFunctionTable.hpp */,
			);
			path = Metal;
			sourceTree = "<group>";
		};
		3FD9A6D22E001BE900297D34 /* MetalFX */ = {
			isa = PBXGroup;
			children = (
				3FD9A6CD2E001BE900297D34 /* MetalFX.hpp */,
				3FD9A6CE2E001BE900297D34 /* MTLFXDefines.hpp */,
				3FD9A6CF2E001BE900297D34 /* MTLFXPrivate.hpp */,
				3FD9A6D02E001BE900297D34 /* MTLFXSpatialScaler.hpp */,
				3FD9A6D12E001BE900297D34 /* MTLFXTemporalScaler.hpp */,
			);
			path = MetalFX;
			sourceTree = "<group>";
		};
		3FD9A6D82E001BE900297D34 /* QuartzCore */ = {
			isa = PBXGroup;
			children = (
				3FD9A6D32E001BE900297D34 /* CADefines.hpp */,
				3FD9A6D42E001BE900297D34 /* CAMetalDrawable.hpp */,
				3FD9A6D52E001BE900297D34 /* CAMetalLayer.hpp */,
				3FD9A6D62E001BE900297D34 /* CAPrivate.hpp */,
				3FD9A6D72E001BE900297D34 /* QuartzCore.hpp */,
			);
			path = QuartzCore;
			sourceTree = "<group>";
		};
		3FD9A6DD2E001BE900297D34 /* metal-cpp */ = {
			isa = PBXGroup;
			children = (
				3FD9A68D2E001BE900297D34 /* Foundation */,
				3FD9A6CC2E001BE900297D34 /* Metal */,
				3FD9A6D22E001BE900297D34 /* MetalFX */,
				3FD9A6D82E001BE900297D34 /* QuartzCore */,
			);
			path = "metal-cpp";
			sourceTree = "<group>";
		};
/* End PBXGroup section */

/* Begin PBXHeadersBuildPhase section */
		3FD9A4462DFF261E00297D34 /* Headers */ = {
			isa = PBXHeadersBuildPhase;
			buildActionMask = 2147483647;
			files = (
				3FD9A6DE2E001BE900297D34 /* NSNumber.hpp in Headers */,
				3FD9A6DF2E001BE900297D34 /* MTLCommandBuffer.hpp in Headers */,
				3FD9A6E02E001BE900297D34 /* CADefines.hpp in Headers */,
				3FD9A6E12E001BE900297D34 /* MTLFunctionConstantValues.hpp in Headers */,
				3FD9A6E22E001BE900297D34 /* MTLIntersectionFunctionTable.hpp in Headers */,
				3FD9A6E32E001BE900297D34 /* NSString.hpp in Headers */,
				3FD9A6E42E001BE900297D34 /* MTLIOCommandBuffer.hpp in Headers */,
				3FD9A6E52E001BE900297D34 /* MTLRenderPass.hpp in Headers */,
				3FD9A6E62E001BE900297D34 /* MTLFunctionHandle.hpp in Headers */,
				3FD9A6E72E001BE900297D34 /* MTLAccelerationStructureTypes.hpp in Headers */,
				3FD9A6E82E001BE900297D34 /* MTLAccelerationStructure.hpp in Headers */,
				3FD9A6E92E001BE900297D34 /* MTLBuffer.hpp in Headers */,
				3FD9A6EA2E001BE900297D34 /* MTLIOCommandQueue.hpp in Headers */,
				3FD9A6EB2E001BE900297D34 /* MTLCaptureScope.hpp in Headers */,
				3FD9A6EC2E001BE900297D34 /* MTLIOCompressor.hpp in Headers */,
				3FD9A6ED2E001BE900297D34 /* MTLPipeline.hpp in Headers */,
				3FD9A6EE2E001BE900297D34 /* MTLFence.hpp in Headers */,
				3FD9A6EF2E001BE900297D34 /* MTLDefines.hpp in Headers */,
				3FD9A6F02E001BE900297D34 /* QuartzCore.hpp in Headers */,
				3FD9A6F12E001BE900297D34 /* MTLFXTemporalScaler.hpp in Headers */,
				3FD9A6F22E001BE900297D34 /* NSAutoreleasePool.hpp in Headers */,
				3FD9A6F32E001BE900297D34 /* Foundation.hpp in Headers */,
				3FD9A6F42E001BE900297D34 /* MTLFXPrivate.hpp in Headers */,
				3FD9A6F52E001BE900297D34 /* MTLBinaryArchive.hpp in Headers */,
				3FD9A6F62E001BE900297D34 /* NSPrivate.hpp in Headers */,
				3FD9A6F72E001BE900297D34 /* NSRange.hpp in Headers */,
				3FD9A6F82E001BE900297D34 /* NSProcessInfo.hpp in Headers */,
				3FD9A6F92E001BE900297D34 /* NSNotification.hpp in Headers */,
				3FD9A6FA2E001BE900297D34 /* CAMetalDrawable.hpp in Headers */,
				3FD9A6FB2E001BE900297D34 /* MTLBlitPass.hpp in Headers */,
				3FD9A6FC2E001BE900297D34 /* Metal.hpp in Headers */,
				3FD9A6FD2E001BE900297D34 /* MTLFunctionDescriptor.hpp in Headers */,
				3FD9A6FE2E001BE900297D34 /* MTLTexture.hpp in Headers */,
				3FD9A6FF2E001BE900297D34 /* MTLLogState.hpp in Headers */,
				3FD9A7002E001BE900297D34 /* MTLComputeCommandEncoder.hpp in Headers */,
				3FD9A7012E001BE900297D34 /* MTLHeaderBridge.hpp in Headers */,
				3FD9A7022E001BE900297D34 /* MTLCaptureManager.hpp in Headers */,
				3FD9A7032E001BE900297D34 /* NSArray.hpp in Headers */,
				3FD9A7042E001BE900297D34 /* NSDefines.hpp in Headers */,
				3FD9A7052E001BE900297D34 /* MTLResource.hpp in Headers */,
				3FD9A7062E001BE900297D34 /* MTLDepthStencil.hpp in Headers */,
				3FD9A7072E001BE900297D34 /* MTLIndirectCommandBuffer.hpp in Headers */,
				3FD9A7082E001BE900297D34 /* MTLCounters.hpp in Headers */,
				3FD9A7092E001BE900297D34 /* NSSharedPtr.hpp in Headers */,
				3FD9A70A2E001BE900297D34 /* MTLIndirectCommandEncoder.hpp in Headers */,
				3FD9A70B2E001BE900297D34 /* MTLPixelFormat.hpp in Headers */,
				3FD9A70C2E001BE900297D34 /* MTLResourceStatePass.hpp in Headers */,
				3FD9A70D2E001BE900297D34 /* MTLRenderCommandEncoder.hpp in Headers */,
				3FD9A70E2E001BE900297D34 /* NSSet.hpp in Headers */,
				3FD9A70F2E001BE900297D34 /* MTLVertexDescriptor.hpp in Headers */,
				3FD9A7102E001BE900297D34 /* NSObject.hpp in Headers */,
				3FD9A7112E001BE900297D34 /* MTLAccelerationStructureCommandEncoder.hpp in Headers */,
				3FD9A7122E001BE900297D34 /* MTLRenderPipeline.hpp in Headers */,
				3FD9A7132E001BE900297D34 /* MTLFXSpatialScaler.hpp in Headers */,
				3FD9A7142E001BE900297D34 /* MTLDevice.hpp in Headers */,
				3FD9A7152E001BE900297D34 /* MTLArgument.hpp in Headers */,
				3FD9A7162E001BE900297D34 /* MTLComputePipeline.hpp in Headers */,
				3FD9A7172E001BE900297D34 /* MTLCommandEncoder.hpp in Headers */,
				3FD9A7182E001BE900297D34 /* MTLResourceStateCommandEncoder.hpp in Headers */,
				3FD9A7192E001BE900297D34 /* MTLVisibleFunctionTable.hpp in Headers */,
				3FD9A71A2E001BE900297D34 /* NSData.hpp in Headers */,
				3FD9A71B2E001BE900297D34 /* MTLHeap.hpp in Headers */,
				3FD9A71C2E001BE900297D34 /* MTLBlitCommandEncoder.hpp in Headers */,
				3FD9A71D2E001BE900297D34 /* MTLLinkedFunctions.hpp in Headers */,
				3FD9A71E2E001BE900297D34 /* MTLParallelRenderCommandEncoder.hpp in Headers */,
				3FD9A71F2E001BE900297D34 /* CAMetalLayer.hpp in Headers */,
				3FD9A7202E001BE900297D34 /* NSBundle.hpp in Headers */,
				3FD9A7212E001BE900297D34 /* MTLVersion.hpp in Headers */,
				3FD9A7222E001BE900297D34 /* NSURL.hpp in Headers */,
				3FD9A7232E001BE900297D34 /* MTLDrawable.hpp in Headers */,
				3FD9A7242E001BE900297D34 /* MTLAllocation.hpp in Headers */,
				3FD9A7252E001BE900297D34 /* NSObjCRuntime.hpp in Headers */,
				3FD9A7262E001BE900297D34 /* MTLFunctionStitching.hpp in Headers */,
				3FD9A7272E001BE900297D34 /* NSLock.hpp in Headers */,
				3FD9A7282E001BE900297D34 /* MTLSampler.hpp in Headers */,
				3FD9A7292E001BE900297D34 /* MTLLibrary.hpp in Headers */,
				3FD9A72A2E001BE900297D34 /* NSError.hpp in Headers */,
				3FD9A72B2E001BE900297D34 /* MTLEvent.hpp in Headers */,
				3FD9A72C2E001BE900297D34 /* MTLRasterizationRate.hpp in Headers */,
				3FD9A72D2E001BE900297D34 /* MTLCommandQueue.hpp in Headers */,
				3FD9A72E2E001BE900297D34 /* MTLComputePass.hpp in Headers */,
				3FD9A72F2E001BE900297D34 /* MTLArgumentEncoder.hpp in Headers */,
				3FD9A7302E001BE900297D34 /* MTLPrivate.hpp in Headers */,
				3FD9A7312E001BE900297D34 /* MTLFXDefines.hpp in Headers */,
				3FD9A7322E001BE900297D34 /* MTLStageInputOutputDescriptor.hpp in Headers */,
				3FD9A7332E001BE900297D34 /* MTLTypes.hpp in Headers */,
				3FD9A7342E001BE900297D34 /* NSDictionary.hpp in Headers */,
				3FD9A7352E001BE900297D34 /* NSDate.hpp in Headers */,
				3FD9A7362E001BE900297D34 /* NSEnumerator.hpp in Headers */,
				3FD9A7372E001BE900297D34 /* MTLDynamicLibrary.hpp in Headers */,
				3FD9A7382E001BE900297D34 /* CAPrivate.hpp in Headers */,
				3FD9A7392E001BE900297D34 /* NSTypes.hpp in Headers */,
				3FD9A73A2E001BE900297D34 /* MetalFX.hpp in Headers */,
				3FD9A73B2E001BE900297D34 /* MTLFunctionLog.hpp in Headers */,
				3FD9A73C2E001BE900297D34 /* MTLResidencySet.hpp in Headers */,
			);
			runOnlyForDeploymentPostprocessing = 0;
		};
/* End PBXHeadersBuildPhase section */

/* Begin PBXNativeTarget section */
		3FD9A44A2DFF261E00297D34 /* imp1 */ = {
			isa = PBXNativeTarget;
			buildConfigurationList = 3FD9A4512DFF261E00297D34 /* Build configuration list for PBXNativeTarget "imp1" */;
			buildPhases = (
				3FD9A4462DFF261E00297D34 /* Headers */,
				3FD9A4472DFF261E00297D34 /* Sources */,
				3FD9A4482DFF261E00297D34 /* Frameworks */,
				3FD9A4492DFF261E00297D34 /* Resources */,
			);
			buildRules = (
			);
			dependencies = (
			);
			fileSystemSynchronizedGroups = (
				3FD9A44D2DFF261E00297D34 /* imp1 */,
			);
			name = imp1;
			packageProductDependencies = (
			);
			productName = imp1;
			productReference = 3FD9A44B2DFF261E00297D34 /* imp1.framework */;
			productType = "com.apple.product-type.framework";
		};
/* End PBXNativeTarget section */

/* Begin PBXProject section */
		3FD9A4422DFF261E00297D34 /* Project object */ = {
			isa = PBXProject;
			attributes = {
				BuildIndependentTargetsInParallel = 1;
				LastUpgradeCheck = 1620;
				TargetAttributes = {
					3FD9A44A2DFF261E00297D34 = {
						CreatedOnToolsVersion = 16.2;
					};
				};
			};
			buildConfigurationList = 3FD9A4452DFF261E00297D34 /* Build configuration list for PBXProject "imp1" */;
			developmentRegion = en;
			hasScannedForEncodings = 0;
			knownRegions = (
				en,
				Base,
			);
			mainGroup = 3FD9A4412DFF261E00297D34;
			minimizedProjectReferenceProxies = 1;
			preferredProjectObjectVersion = 77;
			productRefGroup = 3FD9A44C2DFF261E00297D34 /* Products */;
			projectDirPath = "";
			projectRoot = "";
			targets = (
				3FD9A44A2DFF261E00297D34 /* imp1 */,
			);
		};
/* End PBXProject section */

/* Begin PBXResourcesBuildPhase section */
		3FD9A4492DFF261E00297D34 /* Resources */ = {
			isa = PBXResourcesBuildPhase;
			buildActionMask = 2147483647;
			files = (
			);
			runOnlyForDeploymentPostprocessing = 0;
		};
/* End PBXResourcesBuildPhase section */

/* Begin PBXSourcesBuildPhase section */
		3FD9A4472DFF261E00297D34 /* Sources */ = {
			isa = PBXSourcesBuildPhase;
			buildActionMask = 2147483647;
			files = (
			);
			runOnlyForDeploymentPostprocessing = 0;
		};
/* End PBXSourcesBuildPhase section */

/* Begin XCBuildConfiguration section */
		3FD9A4522DFF261E00297D34 /* Debug */ = {
			isa = XCBuildConfiguration;
			buildSettings = {
				BUILD_LIBRARY_FOR_DISTRIBUTION = YES;
				CODE_SIGN_STYLE = Automatic;
				CURRENT_PROJECT_VERSION = 1;
				DEAD_CODE_STRIPPING = NO;
				DEFINES_MODULE = YES;
				DEVELOPMENT_TEAM = Y89T9P257W;
				DYLIB_COMPATIBILITY_VERSION = 1;
				DYLIB_CURRENT_VERSION = 1;
				DYLIB_INSTALL_NAME_BASE = "@rpath";
				ENABLE_MODULE_VERIFIER = YES;
				FRAMEWORK_SEARCH_PATHS = (
					"$(inherited)",
					"$(PROJECT_DIR)",
				);
				GENERATE_INFOPLIST_FILE = YES;
				HEADER_SEARCH_PATHS = "${PROJECT_DIR}/metal-cpp/";
				INFOPLIST_KEY_NSHumanReadableCopyright = "";
				INSTALL_PATH = "$(LOCAL_LIBRARY_DIR)/Frameworks";
				LD_RUNPATH_SEARCH_PATHS = (
					"$(inherited)",
					"@executable_path/Frameworks",
					"@loader_path/Frameworks",
				);
				LIBRARY_SEARCH_PATHS = ../Build;
				MACH_O_TYPE = mh_dylib;
				MARKETING_VERSION = 0.2.0;
				MODULEMAP_FILE = "${PROJECT_DIR}/imp1/module.modulemap";
				MODULE_VERIFIER_SUPPORTED_LANGUAGES = "objective-c objective-c++";
				MODULE_VERIFIER_SUPPORTED_LANGUAGE_STANDARDS = "gnu17 gnu++20";
				OTHER_LDFLAGS = "-lc++";
				PRODUCT_BUNDLE_IDENTIFIER = com.ingonyama.imp1;
				PRODUCT_NAME = "$(TARGET_NAME:c99extidentifier)";
				SKIP_INSTALL = YES;
				STRIP_INSTALLED_PRODUCT = NO;
				STRIP_STYLE = debugging;
				STRIP_SWIFT_SYMBOLS = NO;
				SWIFT_EMIT_LOC_STRINGS = YES;
				SWIFT_INSTALL_OBJC_HEADER = NO;
				SWIFT_OBJC_BRIDGING_HEADER = "";
				SWIFT_OBJC_INTEROP_MODE = objcxx;
				TARGETED_DEVICE_FAMILY = "1,2";
			};
			name = Debug;
		};
		3FD9A4532DFF261E00297D34 /* Release */ = {
			isa = XCBuildConfiguration;
			buildSettings = {
				BUILD_LIBRARY_FOR_DISTRIBUTION = YES;
				CODE_SIGN_STYLE = Automatic;
				CURRENT_PROJECT_VERSION = 1;
				DEAD_CODE_STRIPPING = NO;
				DEFINES_MODULE = YES;
				DEVELOPMENT_TEAM = Y89T9P257W;
				DYLIB_COMPATIBILITY_VERSION = 1;
				DYLIB_CURRENT_VERSION = 1;
				DYLIB_INSTALL_NAME_BASE = "@rpath";
				ENABLE_MODULE_VERIFIER = YES;
				FRAMEWORK_SEARCH_PATHS = (
					"$(inherited)",
					"$(PROJECT_DIR)",
				);
				GENERATE_INFOPLIST_FILE = YES;
				HEADER_SEARCH_PATHS = "${PROJECT_DIR}/metal-cpp/";
				INFOPLIST_KEY_NSHumanReadableCopyright = "";
				INSTALL_PATH = "$(LOCAL_LIBRARY_DIR)/Frameworks";
				LD_RUNPATH_SEARCH_PATHS = (
					"$(inherited)",
					"@executable_path/Frameworks",
					"@loader_path/Frameworks",
				);
				LIBRARY_SEARCH_PATHS = ../Build;
				MACH_O_TYPE = mh_dylib;
				MARKETING_VERSION = 0.2.0;
				MODULEMAP_FILE = "${PROJECT_DIR}/imp1/module.modulemap";
				MODULE_VERIFIER_SUPPORTED_LANGUAGES = "objective-c objective-c++";
				MODULE_VERIFIER_SUPPORTED_LANGUAGE_STANDARDS = "gnu17 gnu++20";
				OTHER_LDFLAGS = "-lc++";
				PRODUCT_BUNDLE_IDENTIFIER = com.ingonyama.imp1;
				PRODUCT_NAME = "$(TARGET_NAME:c99extidentifier)";
				SKIP_INSTALL = YES;
				STRIP_INSTALLED_PRODUCT = NO;
				STRIP_STYLE = debugging;
				STRIP_SWIFT_SYMBOLS = NO;
				SWIFT_EMIT_LOC_STRINGS = YES;
				SWIFT_INSTALL_OBJC_HEADER = NO;
				SWIFT_OBJC_BRIDGING_HEADER = "";
				SWIFT_OBJC_INTEROP_MODE = objcxx;
				SWIFT_VERSION = 5.0;
				TARGETED_DEVICE_FAMILY = "1,2";
			};
			name = Release;
		};
		3FD9A4542DFF261E00297D34 /* Debug */ = {
			isa = XCBuildConfiguration;
			buildSettings = {
				ALWAYS_SEARCH_USER_PATHS = NO;
				ASSETCATALOG_COMPILER_GENERATE_SWIFT_ASSET_SYMBOL_EXTENSIONS = YES;
				CLANG_ANALYZER_NONNULL = YES;
				CLANG_ANALYZER_NUMBER_OBJECT_CONVERSION = YES_AGGRESSIVE;
				CLANG_CXX_LANGUAGE_STANDARD = "gnu++17";
				CLANG_ENABLE_MODULES = YES;
				CLANG_ENABLE_OBJC_ARC = YES;
				CLANG_ENABLE_OBJC_WEAK = YES;
				CLANG_WARN_BLOCK_CAPTURE_AUTORELEASING = YES;
				CLANG_WARN_BOOL_CONVERSION = YES;
				CLANG_WARN_COMMA = YES;
				CLANG_WARN_CONSTANT_CONVERSION = YES;
				CLANG_WARN_DEPRECATED_OBJC_IMPLEMENTATIONS = YES;
				CLANG_WARN_DIRECT_OBJC_ISA_USAGE = YES_ERROR;
				CLANG_WARN_DOCUMENTATION_COMMENTS = YES;
				CLANG_WARN_EMPTY_BODY = YES;
				CLANG_WARN_ENUM_CONVERSION = YES;
				CLANG_WARN_INFINITE_RECURSION = YES;
				CLANG_WARN_INT_CONVERSION = YES;
				CLANG_WARN_NON_LITERAL_NULL_CONVERSION = YES;
				CLANG_WARN_OBJC_IMPLICIT_RETAIN_SELF = YES;
				CLANG_WARN_OBJC_LITERAL_CONVERSION = YES;
				CLANG_WARN_OBJC_ROOT_CLASS = YES_ERROR;
				CLANG_WARN_QUOTED_INCLUDE_IN_FRAMEWORK_HEADER = YES;
				CLANG_WARN_RANGE_LOOP_ANALYSIS = YES;
				CLANG_WARN_STRICT_PROTOTYPES = YES;
				CLANG_WARN_SUSPICIOUS_MOVE = YES;
				CLANG_WARN_UNGUARDED_AVAILABILITY = YES_AGGRESSIVE;
				CLANG_WARN_UNREACHABLE_CODE = YES;
				CLANG_WARN__DUPLICATE_METHOD_MATCH = YES;
				COPY_PHASE_STRIP = NO;
				CURRENT_PROJECT_VERSION = 1;
				DEBUG_INFORMATION_FORMAT = dwarf;
				ENABLE_STRICT_OBJC_MSGSEND = YES;
				ENABLE_TESTABILITY = YES;
				ENABLE_USER_SCRIPT_SANDBOXING = YES;
				GCC_C_LANGUAGE_STANDARD = gnu17;
				GCC_DYNAMIC_NO_PIC = NO;
				GCC_NO_COMMON_BLOCKS = YES;
				GCC_OPTIMIZATION_LEVEL = 0;
				GCC_PREPROCESSOR_DEFINITIONS = (
					"DEBUG=1",
					"$(inherited)",
				);
				GCC_WARN_64_TO_32_BIT_CONVERSION = YES;
				GCC_WARN_ABOUT_RETURN_TYPE = YES_ERROR;
				GCC_WARN_UNDECLARED_SELECTOR = YES;
				GCC_WARN_UNINITIALIZED_AUTOS = YES_AGGRESSIVE;
				GCC_WARN_UNUSED_FUNCTION = YES;
				GCC_WARN_UNUSED_VARIABLE = YES;
				IPHONEOS_DEPLOYMENT_TARGET = 18.2;
				LOCALIZATION_PREFERS_STRING_CATALOGS = YES;
				MTL_ENABLE_DEBUG_INFO = INCLUDE_SOURCE;
				MTL_FAST_MATH = YES;
				ONLY_ACTIVE_ARCH = YES;
				SDKROOT = iphoneos;
				SWIFT_ACTIVE_COMPILATION_CONDITIONS = "DEBUG $(inherited)";
				SWIFT_OPTIMIZATION_LEVEL = "-Onone";
				VERSIONING_SYSTEM = "apple-generic";
				VERSION_INFO_PREFIX = "";
			};
			name = Debug;
		};
		3FD9A4552DFF261E00297D34 /* Release */ = {
			isa = XCBuildConfiguration;
			buildSettings = {
				ALWAYS_SEARCH_USER_PATHS = NO;
				ASSETCATALOG_COMPILER_GENERATE_SWIFT_ASSET_SYMBOL_EXTENSIONS = YES;
				CLANG_ANALYZER_NONNULL = YES;
				CLANG_ANALYZER_NUMBER_OBJECT_CONVERSION = YES_AGGRESSIVE;
				CLANG_CXX_LANGUAGE_STANDARD = "gnu++17";
				CLANG_ENABLE_MODULES = YES;
				CLANG_ENABLE_OBJC_ARC = YES;
				CLANG_ENABLE_OBJC_WEAK = YES;
				CLANG_WARN_BLOCK_CAPTURE_AUTORELEASING = YES;
				CLANG_WARN_BOOL_CONVERSION = YES;
				CLANG_WARN_COMMA = YES;
				CLANG_WARN_CONSTANT_CONVERSION = YES;
				CLANG_WARN_DEPRECATED_OBJC_IMPLEMENTATIONS = YES;
				CLANG_WARN_DIRECT_OBJC_ISA_USAGE = YES_ERROR;
				CLANG_WARN_DOCUMENTATION_COMMENTS = YES;
				CLANG_WARN_EMPTY_BODY = YES;
				CLANG_WARN_ENUM_CONVERSION = YES;
				CLANG_WARN_INFINITE_RECURSION = YES;
				CLANG_WARN_INT_CONVERSION = YES;
				CLANG_WARN_NON_LITERAL_NULL_CONVERSION = YES;
				CLANG_WARN_OBJC_IMPLICIT_RETAIN_SELF = YES;
				CLANG_WARN_OBJC_LITERAL_CONVERSION = YES;
				CLANG_WARN_OBJC_ROOT_CLASS = YES_ERROR;
				CLANG_WARN_QUOTED_INCLUDE_IN_FRAMEWORK_HEADER = YES;
				CLANG_WARN_RANGE_LOOP_ANALYSIS = YES;
				CLANG_WARN_STRICT_PROTOTYPES = YES;
				CLANG_WARN_SUSPICIOUS_MOVE = YES;
				CLANG_WARN_UNGUARDED_AVAILABILITY = YES_AGGRESSIVE;
				CLANG_WARN_UNREACHABLE_CODE = YES;
				CLANG_WARN__DUPLICATE_METHOD_MATCH = YES;
				COPY_PHASE_STRIP = NO;
				CURRENT_PROJECT_VERSION = 1;
				DEBUG_INFORMATION_FORMAT = "dwarf-with-dsym";
				ENABLE_NS_ASSERTIONS = NO;
				ENABLE_STRICT_OBJC_MSGSEND = YES;
				ENABLE_USER_SCRIPT_SANDBOXING = YES;
				GCC_C_LANGUAGE_STANDARD = gnu17;
				GCC_NO_COMMON_BLOCKS = YES;
				GCC_WARN_64_TO_32_BIT_CONVERSION = YES;
				GCC_WARN_ABOUT_RETURN_TYPE = YES_ERROR;
				GCC_WARN_UNDECLARED_SELECTOR = YES;
				GCC_WARN_UNINITIALIZED_AUTOS = YES_AGGRESSIVE;
				GCC_WARN_UNUSED_FUNCTION = YES;
				GCC_WARN_UNUSED_VARIABLE = YES;
				IPHONEOS_DEPLOYMENT_TARGET = 18.2;
				LOCALIZATION_PREFERS_STRING_CATALOGS = YES;
				MTL_ENABLE_DEBUG_INFO = NO;
				MTL_FAST_MATH = YES;
				SDKROOT = iphoneos;
				SWIFT_COMPILATION_MODE = wholemodule;
				VALIDATE_PRODUCT = YES;
				VERSIONING_SYSTEM = "apple-generic";
				VERSION_INFO_PREFIX = "";
			};
			name = Release;
		};
/* End XCBuildConfiguration section */

/* Begin XCConfigurationList section */
		3FD9A4452DFF261E00297D34 /* Build configuration list for PBXProject "imp1" */ = {
			isa = XCConfigurationList;
			buildConfigurations = (
				3FD9A4542DFF261E00297D34 /* Debug */,
				3FD9A4552DFF261E00297D34 /* Release */,
			);
			defaultConfigurationIsVisible = 0;
			defaultConfigurationName = Release;
		};
		3FD9A4512DFF261E00297D34 /* Build configuration list for PBXNativeTarget "imp1" */ = {
			isa = XCConfigurationList;
			buildConfigurations = (
				3FD9A4522DFF261E00297D34 /* Debug */,
				3FD9A4532DFF261E00297D34 /* Release */,
			);
			defaultConfigurationIsVisible = 0;
			defaultConfigurationName = Release;
		};
/* End XCConfigurationList section */
	};
	rootObject = 3FD9A4422DFF261E00297D34 /* Project object */;
}
